
Microsoft Visual Studio Solution File, Format Version 12.00
# Visual Studio Version 17
VisualStudioVersion = 17.0.31903.59
MinimumVisualStudioVersion = 10.0.40219.1
Project("{FAE04EC0-301F-11D3-BF4B-00C04F79EFBC}") = "Naquadic", "Naquadic\Naquadic.csproj", "{1FEADBBC-94C3-45AE-B443-AFF2399E42B8}"
EndProject
Project("{FAE04EC0-301F-11D3-BF4B-00C04F79EFBC}") = "Test", "Test\Test.csproj", "{176682AB-CECF-4410-BB0B-302E2AFE4E9A}"
EndProject
Global
	GlobalSection(SolutionConfigurationPlatforms) = preSolution
		Debug|Any CPU = Debug|Any CPU
		Release|Any CPU = Release|Any CPU
	EndGlobalSection
	GlobalSection(SolutionProperties) = preSolution
		HideSolutionNode = FALSE
	EndGlobalSection
	GlobalSection(ProjectConfigurationPlatforms) = postSolution
		{1FEADBBC-94C3-45AE-B443-AFF2399E42B8}.Debug|Any CPU.ActiveCfg = Debug|Any CPU
		{1FEADBBC-94C3-45AE-B443-AFF2399E42B8}.Debug|Any CPU.Build.0 = Debug|Any CPU
		{1FEADBBC-94C3-45AE-B443-AFF2399E42B8}.Release|Any CPU.ActiveCfg = Release|Any CPU
		{1FEADBBC-94C3-45AE-B443-AFF2399E42B8}.Release|Any CPU.Build.0 = Release|Any CPU
		{176682AB-CECF-4410-BB0B-302E2AFE4E9A}.Debug|Any CPU.ActiveCfg = Debug|Any CPU
		{176682AB-CECF-4410-BB0B-302E2AFE4E9A}.Debug|Any CPU.Build.0 = Debug|Any CPU
		{176682AB-CECF-4410-BB0B-302E2AFE4E9A}.Release|Any CPU.ActiveCfg = Release|Any CPU
		{176682AB-CECF-4410-BB0B-302E2AFE4E9A}.Release|Any CPU.Build.0 = Release|Any CPU
	EndGlobalSection
EndGlobal
